
Microsoft Visual Studio Solution File, Format Version 12.00
# Visual Studio Version 17
VisualStudioVersion = 17.10.34928.147
MinimumVisualStudioVersion = 10.0.40219.1
Project("{FAE04EC0-301F-11D3-BF4B-00C04F79EFBC}") = "ExpenseTracker", "ExpenseTracker.csproj", "{6B24BAB4-8FCA-4D8F-AE20-3DE226EC3D4F}"
EndProject
Global
	GlobalSection(SolutionConfigurationPlatforms) = preSolution
		Debug|Any CPU = Debug|Any CPU
		Release|Any CPU = Release|Any CPU
	EndGlobalSection
	GlobalSection(ProjectConfigurationPlatforms) = postSolution
		{6B24BAB4-8FCA-4D8F-AE20-3DE226EC3D4F}.Debug|Any CPU.ActiveCfg = Debug|Any CPU
		{6B24BAB4-8FCA-4D8F-AE20-3DE226EC3D4F}.Debug|Any CPU.Build.0 = Debug|Any CPU
		{6B24BAB4-8FCA-4D8F-AE20-3DE226EC3D4F}.Release|Any CPU.ActiveCfg = Release|Any CPU
		{6B24BAB4-8FCA-4D8F-AE20-3DE226EC3D4F}.Release|Any CPU.Build.0 = Release|Any CPU
	EndGlobalSection
	GlobalSection(SolutionProperties) = preSolution
		HideSolutionNode = FALSE
	EndGlobalSection
	GlobalSection(ExtensibilityGlobals) = postSolution
		SolutionGuid = {CDE71099-5BEF-4B1A-B1E3-B0D14EE6F55B}
	EndGlobalSection
EndGlobal
